{
  "name": "backend",
  "lockfileVersion": 3,
  "requires": true,
  "packages": {
    "": {
      "dependencies": {
        "@toolbox-sdk/server": "^0.27.0"
      }
    },
    "node_modules/@toolbox-sdk/server": {
      "version": "0.27.0",
      "resolved": "https://registry.npmjs.org/@toolbox-sdk/server/-/server-0.27.0.tgz",
      "integrity": "sha512-ZxIIALa0txNZrQzQy/GxT6LgwCBOzg50SKkR/pPFBEGjD55sryMlfnWACiwrWy3/8CJ/2TspNZ43hFe911MoSw==",
      "license": "Apache-2.0",
      "bin": {
        "toolbox": "bin/run.js"
      },
      "optionalDependencies": {
        "@toolbox-sdk/server-darwin-arm64": "0.27.0",
        "@toolbox-sdk/server-darwin-x64": "0.27.0",
        "@toolbox-sdk/server-linux-x64": "0.27.0",
        "@toolbox-sdk/server-win32-x64": "0.27.0"
      }
    },
    "node_modules/@toolbox-sdk/server-darwin-arm64": {
      "version": "0.27.0",
      "resolved": "https://registry.npmjs.org/@toolbox-sdk/server-darwin-arm64/-/server-darwin-arm64-0.27.0.tgz",
      "integrity": "sha512-qGP7t4JCS9TgQTySA7WnFbrebc9CgZNfQUdlmHdCVw1ZbH+xE5eABalLkeMvDJUmevpTy51G3osxRyh3eVDCnQ==",
      "cpu": [
        "arm64"
      ],
      "license": "Apache-2.0",
      "optional": true,
      "os": [
        "darwin"
      ]
    },
    "node_modules/@toolbox-sdk/server-darwin-x64": {
      "version": "0.27.0",
      "resolved": "https://registry.npmjs.org/@toolbox-sdk/server-darwin-x64/-/server-darwin-x64-0.27.0.tgz",
      "integrity": "sha512-ZdHHSbJRt4YmKteuFXRQzixpzHz3q5xqQFv1KUQlLDpjIw8duOTFoA22EZtDssSh74oxVlU/X5yWPT9ED59W2g==",
      "cpu": [
        "x64"
      ],
      "license": "Apache-2.0",
      "optional": true,
      "os": [
        "darwin"
      ]
    },
    "node_modules/@toolbox-sdk/server-linux-x64": {
      "version": "0.27.0",
      "resolved": "https://registry.npmjs.org/@toolbox-sdk/server-linux-x64/-/server-linux-x64-0.27.0.tgz",
      "integrity": "sha512-XJoUBIFoi02KQuiv7X8XP/eZAigk3sPnfBCtQVZ8zIl5NdbxGKyIYMUj0I8aYwpSk/8pAzow4YqryiIWeMP9aA==",
      "cpu": [
        "x64"
      ],
      "license": "Apache-2.0",
      "optional": true,
      "os": [
        "linux"
      ]
    },
    "node_modules/@toolbox-sdk/server-win32-x64": {
      "version": "0.27.0",
      "resolved": "https://registry.npmjs.org/@toolbox-sdk/server-win32-x64/-/server-win32-x64-0.27.0.tgz",
      "integrity": "sha512-xedHjbIRtpxn/x64D8Us8APEGuiXTqABWsQfubcDr4KOD+pnH1vyBZbiCgXRFIEKAeUSYVEMgDPxwUTV6TOlKg==",
      "cpu": [
        "x64"
      ],
      "license": "Apache-2.0",
      "optional": true,
      "os": [
        "win32"
      ]
    }
  }
}
